
Microsoft Visual Studio Solution File, Format Version 12.00
# Visual Studio Version 16
VisualStudioVersion = 16.0.30104.148
MinimumVisualStudioVersion = 10.0.40219.1
Project("{9A19103F-16F7-4668-BE54-9A1E7A4F7556}") = "XUnit_API", "XUnit\XUnit_API.csproj", "{95C6696F-4878-4AEA-8E5F-F1C55CA56356}"
EndProject
Project("{9A19103F-16F7-4668-BE54-9A1E7A4F7556}") = "XUnitTest", "XUnitTest\XUnitTest.csproj", "{F867A668-1E58-4FD1-89A0-2E1265DBA4D2}"
EndProject
Project("{FAE04EC0-301F-11D3-BF4B-00C04F79EFBC}") = "XUnit.Database", "XUnit.Database\XUnit.Database.csproj", "{935AE80D-F802-445B-8977-1D7D429F03E6}"
EndProject
Project("{FAE04EC0-301F-11D3-BF4B-00C04F79EFBC}") = "XUnit.Common", "XUnit.Common\XUnit.Common.csproj", "{3EC1105A-83F7-43C2-962F-AA2EF80EDD0A}"
EndProject
Global
	GlobalSection(SolutionConfigurationPlatforms) = preSolution
		Debug|Any CPU = Debug|Any CPU
		Release|Any CPU = Release|Any CPU
	EndGlobalSection
	GlobalSection(ProjectConfigurationPlatforms) = postSolution
		{95C6696F-4878-4AEA-8E5F-F1C55CA56356}.Debug|Any CPU.ActiveCfg = Debug|Any CPU
		{95C6696F-4878-4AEA-8E5F-F1C55CA56356}.Debug|Any CPU.Build.0 = Debug|Any CPU
		{95C6696F-4878-4AEA-8E5F-F1C55CA56356}.Release|Any CPU.ActiveCfg = Release|Any CPU
		{95C6696F-4878-4AEA-8E5F-F1C55CA56356}.Release|Any CPU.Build.0 = Release|Any CPU
		{F867A668-1E58-4FD1-89A0-2E1265DBA4D2}.Debug|Any CPU.ActiveCfg = Debug|Any CPU
		{F867A668-1E58-4FD1-89A0-2E1265DBA4D2}.Debug|Any CPU.Build.0 = Debug|Any CPU
		{F867A668-1E58-4FD1-89A0-2E1265DBA4D2}.Release|Any CPU.ActiveCfg = Release|Any CPU
		{F867A668-1E58-4FD1-89A0-2E1265DBA4D2}.Release|Any CPU.Build.0 = Release|Any CPU
		{935AE80D-F802-445B-8977-1D7D429F03E6}.Debug|Any CPU.ActiveCfg = Debug|Any CPU
		{935AE80D-F802-445B-8977-1D7D429F03E6}.Debug|Any CPU.Build.0 = Debug|Any CPU
		{935AE80D-F802-445B-8977-1D7D429F03E6}.Release|Any CPU.ActiveCfg = Release|Any CPU
		{935AE80D-F802-445B-8977-1D7D429F03E6}.Release|Any CPU.Build.0 = Release|Any CPU
		{3EC1105A-83F7-43C2-962F-AA2EF80EDD0A}.Debug|Any CPU.ActiveCfg = Debug|Any CPU
		{3EC1105A-83F7-43C2-962F-AA2EF80EDD0A}.Debug|Any CPU.Build.0 = Debug|Any CPU
		{3EC1105A-83F7-43C2-962F-AA2EF80EDD0A}.Release|Any CPU.ActiveCfg = Release|Any CPU
		{3EC1105A-83F7-43C2-962F-AA2EF80EDD0A}.Release|Any CPU.Build.0 = Release|Any CPU
	EndGlobalSection
	GlobalSection(SolutionProperties) = preSolution
		HideSolutionNode = FALSE
	EndGlobalSection
	GlobalSection(ExtensibilityGlobals) = postSolution
		SolutionGuid = {D981EDAF-5221-4374-BB92-6625F9082FB9}
	EndGlobalSection
EndGlobal
